// !$*UTF8*$!
{
	archiveVersion = 1;
	classes = {
	};
	objectVersion = 55;
	objects = {

/* Begin PBXBuildFile section */
		7142748027FB3D150008F1D4 /* AppDelegate.swift in Sources */ = {isa = PBXBuildFile; fileRef = 7142747F27FB3D150008F1D4 /* AppDelegate.swift */; };
		7142748227FB3D150008F1D4 /* SceneDelegate.swift in Sources */ = {isa = PBXBuildFile; fileRef = 7142748127FB3D150008F1D4 /* SceneDelegate.swift */; };
		7142748427FB3D150008F1D4 /* ViewController.swift in Sources */ = {isa = PBXBuildFile; fileRef = 7142748327FB3D150008F1D4 /* ViewController.swift */; };
		7142748727FB3D150008F1D4 /* Main.storyboard in Resources */ = {isa = PBXBuildFile; fileRef = 7142748527FB3D150008F1D4 /* Main.storyboard */; };
		7142748927FB3D160008F1D4 /* Assets.xcassets in Resources */ = {isa = PBXBuildFile; fileRef = 7142748827FB3D160008F1D4 /* Assets.xcassets */; };
		7142748C27FB3D160008F1D4 /* LaunchScreen.storyboard in Resources */ = {isa = PBXBuildFile; fileRef = 7142748A27FB3D160008F1D4 /* LaunchScreen.storyboard */; };
		7142749527FB3F890008F1D4 /* Constants.swift in Sources */ = {isa = PBXBuildFile; fileRef = 7142749427FB3F890008F1D4 /* Constants.swift */; };
		7142749827FB3FD60008F1D4 /* News.swift in Sources */ = {isa = PBXBuildFile; fileRef = 7142749727FB3FD60008F1D4 /* News.swift */; };
		7142749B27FB40CB0008F1D4 /* NetworkManager.swift in Sources */ = {isa = PBXBuildFile; fileRef = 7142749A27FB40CB0008F1D4 /* NetworkManager.swift */; };
		7142749E27FCB1330008F1D4 /* ArticleViewModel.swift in Sources */ = {isa = PBXBuildFile; fileRef = 7142749D27FCB1330008F1D4 /* ArticleViewModel.swift */; };
		714274A027FCB2110008F1D4 /* NewsListViewModel.swift in Sources */ = {isa = PBXBuildFile; fileRef = 7142749F27FCB2110008F1D4 /* NewsListViewModel.swift */; };
		714274A327FCB32E0008F1D4 /* HeaderView.swift in Sources */ = {isa = PBXBuildFile; fileRef = 714274A227FCB32E0008F1D4 /* HeaderView.swift */; };
/* End PBXBuildFile section */

/* Begin PBXFileReference section */
		7142747C27FB3D150008F1D4 /* NewsAppUIKit.app */ = {isa = PBXFileReference; explicitFileType = wrapper.application; includeInIndex = 0; path = NewsAppUIKit.app; sourceTree = BUILT_PRODUCTS_DIR; };
		7142747F27FB3D150008F1D4 /* AppDelegate.swift */ = {isa = PBXFileReference; lastKnownFileType = sourcecode.swift; path = AppDelegate.swift; sourceTree = "<group>"; };
		7142748127FB3D150008F1D4 /* SceneDelegate.swift */ = {isa = PBXFileReference; lastKnownFileType = sourcecode.swift; path = SceneDelegate.swift; sourceTree = "<group>"; };
		7142748327FB3D150008F1D4 /* ViewController.swift */ = {isa = PBXFileReference; lastKnownFileType = sourcecode.swift; path = ViewController.swift; sourceTree = "<group>"; };
		7142748627FB3D150008F1D4 /* Base */ = {isa = PBXFileReference; lastKnownFileType = file.storyboard; name = Base; path = Base.lproj/Main.storyboard; sourceTree = "<group>"; };
		7142748827FB3D160008F1D4 /* Assets.xcassets */ = {isa = PBXFileReference; lastKnownFileType = folder.assetcatalog; path = Assets.xcassets; sourceTree = "<group>"; };
		7142748B27FB3D160008F1D4 /* Base */ = {isa = PBXFileReference; lastKnownFileType = file.storyboard; name = Base; path = Base.lproj/LaunchScreen.storyboard; sourceTree = "<group>"; };
		7142748D27FB3D160008F1D4 /* Info.plist */ = {isa = PBXFileReference; lastKnownFileType = text.plist.xml; path = Info.plist; sourceTree = "<group>"; };
		7142749427FB3F890008F1D4 /* Constants.swift */ = {isa = PBXFileReference; lastKnownFileType = sourcecode.swift; path = Constants.swift; sourceTree = "<group>"; };
		7142749727FB3FD60008F1D4 /* News.swift */ = {isa = PBXFileReference; lastKnownFileType = sourcecode.swift; path = News.swift; sourceTree = "<group>"; };
		7142749A27FB40CB0008F1D4 /* NetworkManager.swift */ = {isa = PBXFileReference; lastKnownFileType = sourcecode.swift; path = NetworkManager.swift; sourceTree = "<group>"; };
		7142749D27FCB1330008F1D4 /* ArticleViewModel.swift */ = {isa = PBXFileReference; lastKnownFileType = sourcecode.swift; path = ArticleViewModel.swift; sourceTree = "<group>"; };
		7142749F27FCB2110008F1D4 /* NewsListViewModel.swift */ = {isa = PBXFileReference; lastKnownFileType = sourcecode.swift; path = NewsListViewModel.swift; sourceTree = "<group>"; };
		714274A227FCB32E0008F1D4 /* HeaderView.swift */ = {isa = PBXFileReference; lastKnownFileType = sourcecode.swift; path = HeaderView.swift; sourceTree = "<group>"; };
/* End PBXFileReference section */

/* Begin PBXFrameworksBuildPhase section */
		7142747927FB3D150008F1D4 /* Frameworks */ = {
			isa = PBXFrameworksBuildPhase;
			buildActionMask = 2147483647;
			files = (
			);
			runOnlyForDeploymentPostprocessing = 0;
		};
/* End PBXFrameworksBuildPhase section */

/* Begin PBXGroup section */
		7142747327FB3D150008F1D4 = {
			isa = PBXGroup;
			children = (
				7142747E27FB3D150008F1D4 /* NewsAppUIKit */,
				7142747D27FB3D150008F1D4 /* Products */,
			);
			sourceTree = "<group>";
		};
		7142747D27FB3D150008F1D4 /* Products */ = {
			isa = PBXGroup;
			children = (
				7142747C27FB3D150008F1D4 /* NewsAppUIKit.app */,
			);
			name = Products;
			sourceTree = "<group>";
		};
		7142747E27FB3D150008F1D4 /* NewsAppUIKit */ = {
			isa = PBXGroup;
			children = (
				7142749627FB3FCF0008F1D4 /* Model */,
				714274A127FCB3240008F1D4 /* View */,
				7142749C27FCB1290008F1D4 /* ViewModel */,
				7142749927FB40BA0008F1D4 /* Service */,
				7142749327FB3F6C0008F1D4 /* Config */,
				7142747F27FB3D150008F1D4 /* AppDelegate.swift */,
				7142748127FB3D150008F1D4 /* SceneDelegate.swift */,
				7142748327FB3D150008F1D4 /* ViewController.swift */,
				7142748527FB3D150008F1D4 /* Main.storyboard */,
				7142748827FB3D160008F1D4 /* Assets.xcassets */,
				7142748A27FB3D160008F1D4 /* LaunchScreen.storyboard */,
				7142748D27FB3D160008F1D4 /* Info.plist */,
			);
			path = NewsAppUIKit;
			sourceTree = "<group>";
		};
		7142749327FB3F6C0008F1D4 /* Config */ = {
			isa = PBXGroup;
			children = (
				7142749427FB3F890008F1D4 /* Constants.swift */,
			);
			path = Config;
			sourceTree = "<group>";
		};
		7142749627FB3FCF0008F1D4 /* Model */ = {
			isa = PBXGroup;
			children = (
				7142749727FB3FD60008F1D4 /* News.swift */,
			);
			path = Model;
			sourceTree = "<group>";
		};
		7142749927FB40BA0008F1D4 /* Service */ = {
			isa = PBXGroup;
			children = (
				7142749A27FB40CB0008F1D4 /* NetworkManager.swift */,
			);
			path = Service;
			sourceTree = "<group>";
		};
		7142749C27FCB1290008F1D4 /* ViewModel */ = {
			isa = PBXGroup;
			children = (
				7142749D27FCB1330008F1D4 /* ArticleViewModel.swift */,
				7142749F27FCB2110008F1D4 /* NewsListViewModel.swift */,
			);
			path = ViewModel;
			sourceTree = "<group>";
		};
		714274A127FCB3240008F1D4 /* View */ = {
			isa = PBXGroup;
			children = (
				714274A227FCB32E0008F1D4 /* HeaderView.swift */,
			);
			path = View;
			sourceTree = "<group>";
		};
/* End PBXGroup section */

/* Begin PBXNativeTarget section */
		7142747B27FB3D150008F1D4 /* NewsAppUIKit */ = {
			isa = PBXNativeTarget;
			buildConfigurationList = 7142749027FB3D160008F1D4 /* Build configuration list for PBXNativeTarget "NewsAppUIKit" */;
			buildPhases = (
				7142747827FB3D150008F1D4 /* Sources */,
				7142747927FB3D150008F1D4 /* Frameworks */,
				7142747A27FB3D150008F1D4 /* Resources */,
			);
			buildRules = (
			);
			dependencies = (
			);
			name = NewsAppUIKit;
			productName = NewsAppUIKit;
			productReference = 7142747C27FB3D150008F1D4 /* NewsAppUIKit.app */;
			productType = "com.apple.product-type.application";
		};
/* End PBXNativeTarget section */

/* Begin PBXProject section */
		7142747427FB3D150008F1D4 /* Project object */ = {
			isa = PBXProject;
			attributes = {
				BuildIndependentTargetsInParallel = 1;
				LastSwiftUpdateCheck = 1330;
				LastUpgradeCheck = 1330;
				TargetAttributes = {
					7142747B27FB3D150008F1D4 = {
						CreatedOnToolsVersion = 13.3;
					};
				};
			};
			buildConfigurationList = 7142747727FB3D150008F1D4 /* Build configuration list for PBXProject "NewsAppUIKit" */;
			compatibilityVersion = "Xcode 13.0";
			developmentRegion = en;
			hasScannedForEncodings = 0;
			knownRegions = (
				en,
				Base,
			);
			mainGroup = 7142747327FB3D150008F1D4;
			productRefGroup = 7142747D27FB3D150008F1D4 /* Products */;
			projectDirPath = "";
			projectRoot = "";
			targets = (
				7142747B27FB3D150008F1D4 /* NewsAppUIKit */,
			);
		};
/* End PBXProject section */

/* Begin PBXResourcesBuildPhase section */
		7142747A27FB3D150008F1D4 /* Resources */ = {
			isa = PBXResourcesBuildPhase;
			buildActionMask = 2147483647;
			files = (
				7142748C27FB3D160008F1D4 /* LaunchScreen.storyboard in Resources */,
				7142748927FB3D160008F1D4 /* Assets.xcassets in Resources */,
				7142748727FB3D150008F1D4 /* Main.storyboard in Resources */,
			);
			runOnlyForDeploymentPostprocessing = 0;
		};
/* End PBXResourcesBuildPhase section */

/* Begin PBXSourcesBuildPhase section */
		7142747827FB3D150008F1D4 /* Sources */ = {
			isa = PBXSourcesBuildPhase;
			buildActionMask = 2147483647;
			files = (
				7142749B27FB40CB0008F1D4 /* NetworkManager.swift in Sources */,
				714274A327FCB32E0008F1D4 /* HeaderView.swift in Sources */,
				7142748427FB3D150008F1D4 /* ViewController.swift in Sources */,
				7142748027FB3D150008F1D4 /* AppDelegate.swift in Sources */,
				7142748227FB3D150008F1D4 /* SceneDelegate.swift in Sources */,
				7142749E27FCB1330008F1D4 /* ArticleViewModel.swift in Sources */,
				7142749827FB3FD60008F1D4 /* News.swift in Sources */,
				7142749527FB3F890008F1D4 /* Constants.swift in Sources */,
				714274A027FCB2110008F1D4 /* NewsListViewModel.swift in Sources */,
			);
			runOnlyForDeploymentPostprocessing = 0;
		};
/* End PBXSourcesBuildPhase section */

/* Begin PBXVariantGroup section */
		7142748527FB3D150008F1D4 /* Main.storyboard */ = {
			isa = PBXVariantGroup;
			children = (
				7142748627FB3D150008F1D4 /* Base */,
			);
			name = Main.storyboard;
			sourceTree = "<group>";
		};
		7142748A27FB3D160008F1D4 /* LaunchScreen.storyboard */ = {
			isa = PBXVariantGroup;
			children = (
				7142748B27FB3D160008F1D4 /* Base */,
			);
			name = LaunchScreen.storyboard;
			sourceTree = "<group>";
		};
/* End PBXVariantGroup section */

/* Begin XCBuildConfiguration section */
		7142748E27FB3D160008F1D4 /* Debug */ = {
			isa = XCBuildConfiguration;
			buildSettings = {
				ALWAYS_SEARCH_USER_PATHS = NO;
				CLANG_ANALYZER_NONNULL = YES;
				CLANG_ANALYZER_NUMBER_OBJECT_CONVERSION = YES_AGGRESSIVE;
				CLANG_CXX_LANGUAGE_STANDARD = "gnu++17";
				CLANG_ENABLE_MODULES = YES;
				CLANG_ENABLE_OBJC_ARC = YES;
				CLANG_ENABLE_OBJC_WEAK = YES;
				CLANG_WARN_BLOCK_CAPTURE_AUTORELEASING = YES;
				CLANG_WARN_BOOL_CONVERSION = YES;
				CLANG_WARN_COMMA = YES;
				CLANG_WARN_CONSTANT_CONVERSION = YES;
				CLANG_WARN_DEPRECATED_OBJC_IMPLEMENTATIONS = YES;
				CLANG_WARN_DIRECT_OBJC_ISA_USAGE = YES_ERROR;
				CLANG_WARN_DOCUMENTATION_COMMENTS = YES;
				CLANG_WARN_EMPTY_BODY = YES;
				CLANG_WARN_ENUM_CONVERSION = YES;
				CLANG_WARN_INFINITE_RECURSION = YES;
				CLANG_WARN_INT_CONVERSION = YES;
				CLANG_WARN_NON_LITERAL_NULL_CONVERSION = YES;
				CLANG_WARN_OBJC_IMPLICIT_RETAIN_SELF = YES;
				CLANG_WARN_OBJC_LITERAL_CONVERSION = YES;
				CLANG_WARN_OBJC_ROOT_CLASS = YES_ERROR;
				CLANG_WARN_QUOTED_INCLUDE_IN_FRAMEWORK_HEADER = YES;
				CLANG_WARN_RANGE_LOOP_ANALYSIS = YES;
				CLANG_WARN_STRICT_PROTOTYPES = YES;
				CLANG_WARN_SUSPICIOUS_MOVE = YES;
				CLANG_WARN_UNGUARDED_AVAILABILITY = YES_AGGRESSIVE;
				CLANG_WARN_UNREACHABLE_CODE = YES;
				CLANG_WARN__DUPLICATE_METHOD_MATCH = YES;
				COPY_PHASE_STRIP = NO;
				DEBUG_INFORMATION_FORMAT = dwarf;
				ENABLE_STRICT_OBJC_MSGSEND = YES;
				ENABLE_TESTABILITY = YES;
				GCC_C_LANGUAGE_STANDARD = gnu11;
				GCC_DYNAMIC_NO_PIC = NO;
				GCC_NO_COMMON_BLOCKS = YES;
				GCC_OPTIMIZATION_LEVEL = 0;
				GCC_PREPROCESSOR_DEFINITIONS = (
					"DEBUG=1",
					"$(inherited)",
				);
				GCC_WARN_64_TO_32_BIT_CONVERSION = YES;
				GCC_WARN_ABOUT_RETURN_TYPE = YES_ERROR;
				GCC_WARN_UNDECLARED_SELECTOR = YES;
				GCC_WARN_UNINITIALIZED_AUTOS = YES_AGGRESSIVE;
				GCC_WARN_UNUSED_FUNCTION = YES;
				GCC_WARN_UNUSED_VARIABLE = YES;
				IPHONEOS_DEPLOYMENT_TARGET = 15.4;
				MTL_ENABLE_DEBUG_INFO = INCLUDE_SOURCE;
				MTL_FAST_MATH = YES;
				ONLY_ACTIVE_ARCH = YES;
				SDKROOT = iphoneos;
				SWIFT_ACTIVE_COMPILATION_CONDITIONS = DEBUG;
				SWIFT_OPTIMIZATION_LEVEL = "-Onone";
			};
			name = Debug;
		};
		7142748F27FB3D160008F1D4 /* Release */ = {
			isa = XCBuildConfiguration;
			buildSettings = {
				ALWAYS_SEARCH_USER_PATHS = NO;
				CLANG_ANALYZER_NONNULL = YES;
				CLANG_ANALYZER_NUMBER_OBJECT_CONVERSION = YES_AGGRESSIVE;
				CLANG_CXX_LANGUAGE_STANDARD = "gnu++17";
				CLANG_ENABLE_MODULES = YES;
				CLANG_ENABLE_OBJC_ARC = YES;
				CLANG_ENABLE_OBJC_WEAK = YES;
				CLANG_WARN_BLOCK_CAPTURE_AUTORELEASING = YES;
				CLANG_WARN_BOOL_CONVERSION = YES;
				CLANG_WARN_COMMA = YES;
				CLANG_WARN_CONSTANT_CONVERSION = YES;
				CLANG_WARN_DEPRECATED_OBJC_IMPLEMENTATIONS = YES;
				CLANG_WARN_DIRECT_OBJC_ISA_USAGE = YES_ERROR;
				CLANG_WARN_DOCUMENTATION_COMMENTS = YES;
				CLANG_WARN_EMPTY_BODY = YES;
				CLANG_WARN_ENUM_CONVERSION = YES;
				CLANG_WARN_INFINITE_RECURSION = YES;
				CLANG_WARN_INT_CONVERSION = YES;
				CLANG_WARN_NON_LITERAL_NULL_CONVERSION = YES;
				CLANG_WARN_OBJC_IMPLICIT_RETAIN_SELF = YES;
				CLANG_WARN_OBJC_LITERAL_CONVERSION = YES;
				CLANG_WARN_OBJC_ROOT_CLASS = YES_ERROR;
				CLANG_WARN_QUOTED_INCLUDE_IN_FRAMEWORK_HEADER = YES;
				CLANG_WARN_RANGE_LOOP_ANALYSIS = YES;
				CLANG_WARN_STRICT_PROTOTYPES = YES;
				CLANG_WARN_SUSPICIOUS_MOVE = YES;
				CLANG_WARN_UNGUARDED_AVAILABILITY = YES_AGGRESSIVE;
				CLANG_WARN_UNREACHABLE_CODE = YES;
				CLANG_WARN__DUPLICATE_METHOD_MATCH = YES;
				COPY_PHASE_STRIP = NO;
				DEBUG_INFORMATION_FORMAT = "dwarf-with-dsym";
				ENABLE_NS_ASSERTIONS = NO;
				ENABLE_STRICT_OBJC_MSGSEND = YES;
				GCC_C_LANGUAGE_STANDARD = gnu11;
				GCC_NO_COMMON_BLOCKS = YES;
				GCC_WARN_64_TO_32_BIT_CONVERSION = YES;
				GCC_WARN_ABOUT_RETURN_TYPE = YES_ERROR;
				GCC_WARN_UNDECLARED_SELECTOR = YES;
				GCC_WARN_UNINITIALIZED_AUTOS = YES_AGGRESSIVE;
				GCC_WARN_UNUSED_FUNCTION = YES;
				GCC_WARN_UNUSED_VARIABLE = YES;
				IPHONEOS_DEPLOYMENT_TARGET = 15.4;
				MTL_ENABLE_DEBUG_INFO = NO;
				MTL_FAST_MATH = YES;
				SDKROOT = iphoneos;
				SWIFT_COMPILATION_MODE = wholemodule;
				SWIFT_OPTIMIZATION_LEVEL = "-O";
				VALIDATE_PRODUCT = YES;
			};
			name = Release;
		};
		7142749127FB3D160008F1D4 /* Debug */ = {
			isa = XCBuildConfiguration;
			buildSettings = {
				ASSETCATALOG_COMPILER_APPICON_NAME = AppIcon;
				ASSETCATALOG_COMPILER_GLOBAL_ACCENT_COLOR_NAME = AccentColor;
				CODE_SIGN_STYLE = Automatic;
				CURRENT_PROJECT_VERSION = 1;
				DEVELOPMENT_TEAM = G6V85GALCN;
				GENERATE_INFOPLIST_FILE = YES;
				INFOPLIST_FILE = NewsAppUIKit/Info.plist;
				INFOPLIST_KEY_UIApplicationSupportsIndirectInputEvents = YES;
				INFOPLIST_KEY_UILaunchStoryboardName = LaunchScreen;
				INFOPLIST_KEY_UISupportedInterfaceOrientations_iPad = "UIInterfaceOrientationPortrait UIInterfaceOrientationPortraitUpsideDown UIInterfaceOrientationLandscapeLeft UIInterfaceOrientationLandscapeRight";
				INFOPLIST_KEY_UISupportedInterfaceOrientations_iPhone = "UIInterfaceOrientationPortrait UIInterfaceOrientationLandscapeLeft UIInterfaceOrientationLandscapeRight";
				LD_RUNPATH_SEARCH_PATHS = (
					"$(inherited)",
					"@executable_path/Frameworks",
				);
				MARKETING_VERSION = 1.0;
				PRODUCT_BUNDLE_IDENTIFIER = net.naolin.NewsAppUIKit;
				PRODUCT_NAME = "$(TARGET_NAME)";
				SWIFT_EMIT_LOC_STRINGS = YES;
				SWIFT_VERSION = 5.0;
				TARGETED_DEVICE_FAMILY = "1,2";
			};
			name = Debug;
		};
		7142749227FB3D160008F1D4 /* Release */ = {
			isa = XCBuildConfiguration;
			buildSettings = {
				ASSETCATALOG_COMPILER_APPICON_NAME = AppIcon;
				ASSETCATALOG_COMPILER_GLOBAL_ACCENT_COLOR_NAME = AccentColor;
				CODE_SIGN_STYLE = Automatic;
				CURRENT_PROJECT_VERSION = 1;
				DEVELOPMENT_TEAM = G6V85GALCN;
				GENERATE_INFOPLIST_FILE = YES;
				INFOPLIST_FILE = NewsAppUIKit/Info.plist;
				INFOPLIST_KEY_UIApplicationSupportsIndirectInputEvents = YES;
				INFOPLIST_KEY_UILaunchStoryboardName = LaunchScreen;
				INFOPLIST_KEY_UISupportedInterfaceOrientations_iPad = "UIInterfaceOrientationPortrait UIInterfaceOrientationPortraitUpsideDown UIInterfaceOrientationLandscapeLeft UIInterfaceOrientationLandscapeRight";
				INFOPLIST_KEY_UISupportedInterfaceOrientations_iPhone = "UIInterfaceOrientationPortrait UIInterfaceOrientationLandscapeLeft UIInterfaceOrientationLandscapeRight";
				LD_RUNPATH_SEARCH_PATHS = (
					"$(inherited)",
					"@executable_path/Frameworks",
				);
				MARKETING_VERSION = 1.0;
				PRODUCT_BUNDLE_IDENTIFIER = net.naolin.NewsAppUIKit;
				PRODUCT_NAME = "$(TARGET_NAME)";
				SWIFT_EMIT_LOC_STRINGS = YES;
				SWIFT_VERSION = 5.0;
				TARGETED_DEVICE_FAMILY = "1,2";
			};
			name = Release;
		};
/* End XCBuildConfiguration section */

/* Begin XCConfigurationList section */
		7142747727FB3D150008F1D4 /* Build configuration list for PBXProject "NewsAppUIKit" */ = {
			isa = XCConfigurationList;
			buildConfigurations = (
				7142748E27FB3D160008F1D4 /* Debug */,
				7142748F27FB3D160008F1D4 /* Release */,
			);
			defaultConfigurationIsVisible = 0;
			defaultConfigurationName = Release;
		};
		7142749027FB3D160008F1D4 /* Build configuration list for PBXNativeTarget "NewsAppUIKit" */ = {
			isa = XCConfigurationList;
			buildConfigurations = (
				7142749127FB3D160008F1D4 /* Debug */,
				7142749227FB3D160008F1D4 /* Release */,
			);
			defaultConfigurationIsVisible = 0;
			defaultConfigurationName = Release;
		};
/* End XCConfigurationList section */
	};
	rootObject = 7142747427FB3D150008F1D4 /* Project object */;
}
